
Microsoft Visual Studio Solution File, Format Version 12.00
# Visual Studio Version 16
VisualStudioVersion = 16.0.30907.101
MinimumVisualStudioVersion = 10.0.40219.1
Project("{9A19103F-16F7-4668-BE54-9A1E7A4F7556}") = "EDll_L4_AFPE-DAVH", "EDll_L4_AFPE-DAVH.csproj", "{44C8DFAD-6E7A-495F-AF3F-ACFF3ECFFE57}"
	ProjectSection(ProjectDependencies) = postProject
		{2B50B74A-7C87-4382-80D7-A01FE17C92C2} = {2B50B74A-7C87-4382-80D7-A01FE17C92C2}
	EndProjectSection
EndProject
Project("{9A19103F-16F7-4668-BE54-9A1E7A4F7556}") = "DataStructures", "DataStructures\DataStructures\DataStructures.csproj", "{2B50B74A-7C87-4382-80D7-A01FE17C92C2}"
EndProject
Project("{9A19103F-16F7-4668-BE54-9A1E7A4F7556}") = "Strings_Cihpher", "Strings_Cihpher\Strings_Cihpher.csproj", "{CC44DC07-4B25-40AC-AC21-9C71912BD1A7}"
EndProject
Global
	GlobalSection(SolutionConfigurationPlatforms) = preSolution
		Debug|Any CPU = Debug|Any CPU
		Release|Any CPU = Release|Any CPU
	EndGlobalSection
	GlobalSection(ProjectConfigurationPlatforms) = postSolution
		{44C8DFAD-6E7A-495F-AF3F-ACFF3ECFFE57}.Debug|Any CPU.ActiveCfg = Debug|Any CPU
		{44C8DFAD-6E7A-495F-AF3F-ACFF3ECFFE57}.Debug|Any CPU.Build.0 = Debug|Any CPU
		{44C8DFAD-6E7A-495F-AF3F-ACFF3ECFFE57}.Release|Any CPU.ActiveCfg = Release|Any CPU
		{44C8DFAD-6E7A-495F-AF3F-ACFF3ECFFE57}.Release|Any CPU.Build.0 = Release|Any CPU
		{2B50B74A-7C87-4382-80D7-A01FE17C92C2}.Debug|Any CPU.ActiveCfg = Debug|Any CPU
		{2B50B74A-7C87-4382-80D7-A01FE17C92C2}.Debug|Any CPU.Build.0 = Debug|Any CPU
		{2B50B74A-7C87-4382-80D7-A01FE17C92C2}.Release|Any CPU.ActiveCfg = Release|Any CPU
		{2B50B74A-7C87-4382-80D7-A01FE17C92C2}.Release|Any CPU.Build.0 = Release|Any CPU
		{CC44DC07-4B25-40AC-AC21-9C71912BD1A7}.Debug|Any CPU.ActiveCfg = Debug|Any CPU
		{CC44DC07-4B25-40AC-AC21-9C71912BD1A7}.Debug|Any CPU.Build.0 = Debug|Any CPU
		{CC44DC07-4B25-40AC-AC21-9C71912BD1A7}.Release|Any CPU.ActiveCfg = Release|Any CPU
		{CC44DC07-4B25-40AC-AC21-9C71912BD1A7}.Release|Any CPU.Build.0 = Release|Any CPU
	EndGlobalSection
	GlobalSection(SolutionProperties) = preSolution
		HideSolutionNode = FALSE
	EndGlobalSection
	GlobalSection(ExtensibilityGlobals) = postSolution
		SolutionGuid = {29B20822-BF9E-465D-9CDD-B6C845DD06A7}
	EndGlobalSection
EndGlobal
